
Microsoft Visual Studio Solution File, Format Version 12.00
# Visual Studio Version 17
VisualStudioVersion = 17.13.35828.75 d17.13
MinimumVisualStudioVersion = 10.0.40219.1
Project("{8BC9CEB8-8B4A-11D0-8D11-00A0C91BC942}") = "Project2", "Project2\Project2.vcxproj", "{8A1A392E-2FA3-4411-9C3B-0BB10790E7E1}"
EndProject
Global
	GlobalSection(SolutionConfigurationPlatforms) = preSolution
		Debug|x64 = Debug|x64
		Debug|x86 = Debug|x86
		Release|x64 = Release|x64
		Release|x86 = Release|x86
	EndGlobalSection
	GlobalSection(ProjectConfigurationPlatforms) = postSolution
		{8A1A392E-2FA3-4411-9C3B-0BB10790E7E1}.Debug|x64.ActiveCfg = Debug|x64
		{8A1A392E-2FA3-4411-9C3B-0BB10790E7E1}.Debug|x64.Build.0 = Debug|x64
		{8A1A392E-2FA3-4411-9C3B-0BB10790E7E1}.Debug|x86.ActiveCfg = Debug|Win32
		{8A1A392E-2FA3-4411-9C3B-0BB10790E7E1}.Debug|x86.Build.0 = Debug|Win32
		{8A1A392E-2FA3-4411-9C3B-0BB10790E7E1}.Release|x64.ActiveCfg = Release|x64
		{8A1A392E-2FA3-4411-9C3B-0BB10790E7E1}.Release|x64.Build.0 = Release|x64
		{8A1A392E-2FA3-4411-9C3B-0BB10790E7E1}.Release|x86.ActiveCfg = Release|Win32
		{8A1A392E-2FA3-4411-9C3B-0BB10790E7E1}.Release|x86.Build.0 = Release|Win32
	EndGlobalSection
	GlobalSection(SolutionProperties) = preSolution
		HideSolutionNode = FALSE
	EndGlobalSection
	GlobalSection(ExtensibilityGlobals) = postSolution
		SolutionGuid = {683FB36C-A108-4D50-B7C5-4F1C74C35397}
	EndGlobalSection
EndGlobal
